
Microsoft Visual Studio Solution File, Format Version 12.00
# Visual Studio 15
VisualStudioVersion = 15.0.27428.2015
MinimumVisualStudioVersion = 10.0.40219.1
Project("{FAE04EC0-301F-11D3-BF4B-00C04F79EFBC}") = "Hotel.Android", "Hotel\Hotel.Android\Hotel.Android.csproj", "{D478047B-0115-4454-A05A-B45676B49D78}"
EndProject
Project("{9A19103F-16F7-4668-BE54-9A1E7A4F7556}") = "Hotel", "Hotel\Hotel\Hotel.csproj", "{B6F056ED-45CF-4F65-A81D-E04B39C3B60B}"
EndProject
Global
	GlobalSection(SolutionConfigurationPlatforms) = preSolution
		Debug|Any CPU = Debug|Any CPU
		Debug|ARM = Debug|ARM
		Debug|x64 = Debug|x64
		Debug|x86 = Debug|x86
		Release|Any CPU = Release|Any CPU
		Release|ARM = Release|ARM
		Release|x64 = Release|x64
		Release|x86 = Release|x86
	EndGlobalSection
	GlobalSection(ProjectConfigurationPlatforms) = postSolution
		{D478047B-0115-4454-A05A-B45676B49D78}.Debug|Any CPU.ActiveCfg = Debug|Any CPU
		{D478047B-0115-4454-A05A-B45676B49D78}.Debug|Any CPU.Build.0 = Debug|Any CPU
		{D478047B-0115-4454-A05A-B45676B49D78}.Debug|Any CPU.Deploy.0 = Debug|Any CPU
		{D478047B-0115-4454-A05A-B45676B49D78}.Debug|ARM.ActiveCfg = Debug|Any CPU
		{D478047B-0115-4454-A05A-B45676B49D78}.Debug|ARM.Build.0 = Debug|Any CPU
		{D478047B-0115-4454-A05A-B45676B49D78}.Debug|ARM.Deploy.0 = Debug|Any CPU
		{D478047B-0115-4454-A05A-B45676B49D78}.Debug|x64.ActiveCfg = Debug|Any CPU
		{D478047B-0115-4454-A05A-B45676B49D78}.Debug|x64.Build.0 = Debug|Any CPU
		{D478047B-0115-4454-A05A-B45676B49D78}.Debug|x64.Deploy.0 = Debug|Any CPU
		{D478047B-0115-4454-A05A-B45676B49D78}.Debug|x86.ActiveCfg = Debug|Any CPU
		{D478047B-0115-4454-A05A-B45676B49D78}.Debug|x86.Build.0 = Debug|Any CPU
		{D478047B-0115-4454-A05A-B45676B49D78}.Debug|x86.Deploy.0 = Debug|Any CPU
		{D478047B-0115-4454-A05A-B45676B49D78}.Release|Any CPU.ActiveCfg = Release|Any CPU
		{D478047B-0115-4454-A05A-B45676B49D78}.Release|Any CPU.Build.0 = Release|Any CPU
		{D478047B-0115-4454-A05A-B45676B49D78}.Release|Any CPU.Deploy.0 = Release|Any CPU
		{D478047B-0115-4454-A05A-B45676B49D78}.Release|ARM.ActiveCfg = Release|Any CPU
		{D478047B-0115-4454-A05A-B45676B49D78}.Release|ARM.Build.0 = Release|Any CPU
		{D478047B-0115-4454-A05A-B45676B49D78}.Release|ARM.Deploy.0 = Release|Any CPU
		{D478047B-0115-4454-A05A-B45676B49D78}.Release|x64.ActiveCfg = Release|Any CPU
		{D478047B-0115-4454-A05A-B45676B49D78}.Release|x64.Build.0 = Release|Any CPU
		{D478047B-0115-4454-A05A-B45676B49D78}.Release|x64.Deploy.0 = Release|Any CPU
		{D478047B-0115-4454-A05A-B45676B49D78}.Release|x86.ActiveCfg = Release|Any CPU
		{D478047B-0115-4454-A05A-B45676B49D78}.Release|x86.Build.0 = Release|Any CPU
		{D478047B-0115-4454-A05A-B45676B49D78}.Release|x86.Deploy.0 = Release|Any CPU
		{B6F056ED-45CF-4F65-A81D-E04B39C3B60B}.Debug|Any CPU.ActiveCfg = Debug|Any CPU
		{B6F056ED-45CF-4F65-A81D-E04B39C3B60B}.Debug|Any CPU.Build.0 = Debug|Any CPU
		{B6F056ED-45CF-4F65-A81D-E04B39C3B60B}.Debug|ARM.ActiveCfg = Debug|Any CPU
		{B6F056ED-45CF-4F65-A81D-E04B39C3B60B}.Debug|ARM.Build.0 = Debug|Any CPU
		{B6F056ED-45CF-4F65-A81D-E04B39C3B60B}.Debug|x64.ActiveCfg = Debug|Any CPU
		{B6F056ED-45CF-4F65-A81D-E04B39C3B60B}.Debug|x64.Build.0 = Debug|Any CPU
		{B6F056ED-45CF-4F65-A81D-E04B39C3B60B}.Debug|x86.ActiveCfg = Debug|Any CPU
		{B6F056ED-45CF-4F65-A81D-E04B39C3B60B}.Debug|x86.Build.0 = Debug|Any CPU
		{B6F056ED-45CF-4F65-A81D-E04B39C3B60B}.Release|Any CPU.ActiveCfg = Release|Any CPU
		{B6F056ED-45CF-4F65-A81D-E04B39C3B60B}.Release|Any CPU.Build.0 = Release|Any CPU
		{B6F056ED-45CF-4F65-A81D-E04B39C3B60B}.Release|ARM.ActiveCfg = Release|Any CPU
		{B6F056ED-45CF-4F65-A81D-E04B39C3B60B}.Release|ARM.Build.0 = Release|Any CPU
		{B6F056ED-45CF-4F65-A81D-E04B39C3B60B}.Release|x64.ActiveCfg = Release|Any CPU
		{B6F056ED-45CF-4F65-A81D-E04B39C3B60B}.Release|x64.Build.0 = Release|Any CPU
		{B6F056ED-45CF-4F65-A81D-E04B39C3B60B}.Release|x86.ActiveCfg = Release|Any CPU
		{B6F056ED-45CF-4F65-A81D-E04B39C3B60B}.Release|x86.Build.0 = Release|Any CPU
	EndGlobalSection
	GlobalSection(SolutionProperties) = preSolution
		HideSolutionNode = FALSE
	EndGlobalSection
	GlobalSection(ExtensibilityGlobals) = postSolution
		SolutionGuid = {D010B39F-CC1C-429B-AE29-977561BBA811}
	EndGlobalSection
EndGlobal
